
Microsoft Visual Studio Solution File, Format Version 12.00
# Visual Studio 15
VisualStudioVersion = 15.0.27703.2018
MinimumVisualStudioVersion = 10.0.40219.1
Project("{FAE04EC0-301F-11D3-BF4B-00C04F79EFBC}") = "FireBaseAuthOTPXammie.Android", "FireBaseAuthOTPXammie\FireBaseAuthOTPXammie.Android\FireBaseAuthOTPXammie.Android.csproj", "{3F30E06D-12AD-4438-A478-379E337159D7}"
EndProject
Project("{FAE04EC0-301F-11D3-BF4B-00C04F79EFBC}") = "FireBaseAuthOTPXammie.iOS", "FireBaseAuthOTPXammie\FireBaseAuthOTPXammie.iOS\FireBaseAuthOTPXammie.iOS.csproj", "{DE61DF2D-6AD0-4613-A6C8-66D7E8E655D8}"
EndProject
Project("{FAE04EC0-301F-11D3-BF4B-00C04F79EFBC}") = "FireBaseAuthOTPXammie", "FireBaseAuthOTPXammie\FireBaseAuthOTPXammie\FireBaseAuthOTPXammie.csproj", "{EA626B1A-7C6B-44F1-9B9E-801358502D61}"
EndProject
Global
	GlobalSection(SolutionConfigurationPlatforms) = preSolution
		Ad-Hoc|Any CPU = Ad-Hoc|Any CPU
		Ad-Hoc|iPhone = Ad-Hoc|iPhone
		Ad-Hoc|iPhoneSimulator = Ad-Hoc|iPhoneSimulator
		AppStore|Any CPU = AppStore|Any CPU
		AppStore|iPhone = AppStore|iPhone
		AppStore|iPhoneSimulator = AppStore|iPhoneSimulator
		Debug|Any CPU = Debug|Any CPU
		Debug|iPhone = Debug|iPhone
		Debug|iPhoneSimulator = Debug|iPhoneSimulator
		Release|Any CPU = Release|Any CPU
		Release|iPhone = Release|iPhone
		Release|iPhoneSimulator = Release|iPhoneSimulator
	EndGlobalSection
	GlobalSection(ProjectConfigurationPlatforms) = postSolution
		{3F30E06D-12AD-4438-A478-379E337159D7}.Ad-Hoc|Any CPU.ActiveCfg = Release|Any CPU
		{3F30E06D-12AD-4438-A478-379E337159D7}.Ad-Hoc|Any CPU.Build.0 = Release|Any CPU
		{3F30E06D-12AD-4438-A478-379E337159D7}.Ad-Hoc|Any CPU.Deploy.0 = Release|Any CPU
		{3F30E06D-12AD-4438-A478-379E337159D7}.Ad-Hoc|iPhone.ActiveCfg = Release|Any CPU
		{3F30E06D-12AD-4438-A478-379E337159D7}.Ad-Hoc|iPhone.Build.0 = Release|Any CPU
		{3F30E06D-12AD-4438-A478-379E337159D7}.Ad-Hoc|iPhone.Deploy.0 = Release|Any CPU
		{3F30E06D-12AD-4438-A478-379E337159D7}.Ad-Hoc|iPhoneSimulator.ActiveCfg = Release|Any CPU
		{3F30E06D-12AD-4438-A478-379E337159D7}.Ad-Hoc|iPhoneSimulator.Build.0 = Release|Any CPU
		{3F30E06D-12AD-4438-A478-379E337159D7}.Ad-Hoc|iPhoneSimulator.Deploy.0 = Release|Any CPU
		{3F30E06D-12AD-4438-A478-379E337159D7}.AppStore|Any CPU.ActiveCfg = Release|Any CPU
		{3F30E06D-12AD-4438-A478-379E337159D7}.AppStore|Any CPU.Build.0 = Release|Any CPU
		{3F30E06D-12AD-4438-A478-379E337159D7}.AppStore|Any CPU.Deploy.0 = Release|Any CPU
		{3F30E06D-12AD-4438-A478-379E337159D7}.AppStore|iPhone.ActiveCfg = Release|Any CPU
		{3F30E06D-12AD-4438-A478-379E337159D7}.AppStore|iPhone.Build.0 = Release|Any CPU
		{3F30E06D-12AD-4438-A478-379E337159D7}.AppStore|iPhone.Deploy.0 = Release|Any CPU
		{3F30E06D-12AD-4438-A478-379E337159D7}.AppStore|iPhoneSimulator.ActiveCfg = Release|Any CPU
		{3F30E06D-12AD-4438-A478-379E337159D7}.AppStore|iPhoneSimulator.Build.0 = Release|Any CPU
		{3F30E06D-12AD-4438-A478-379E337159D7}.AppStore|iPhoneSimulator.Deploy.0 = Release|Any CPU
		{3F30E06D-12AD-4438-A478-379E337159D7}.Debug|Any CPU.ActiveCfg = Debug|Any CPU
		{3F30E06D-12AD-4438-A478-379E337159D7}.Debug|Any CPU.Build.0 = Debug|Any CPU
		{3F30E06D-12AD-4438-A478-379E337159D7}.Debug|Any CPU.Deploy.0 = Debug|Any CPU
		{3F30E06D-12AD-4438-A478-379E337159D7}.Debug|iPhone.ActiveCfg = Debug|Any CPU
		{3F30E06D-12AD-4438-A478-379E337159D7}.Debug|iPhone.Build.0 = Debug|Any CPU
		{3F30E06D-12AD-4438-A478-379E337159D7}.Debug|iPhone.Deploy.0 = Debug|Any CPU
		{3F30E06D-12AD-4438-A478-379E337159D7}.Debug|iPhoneSimulator.ActiveCfg = Debug|Any CPU
		{3F30E06D-12AD-4438-A478-379E337159D7}.Debug|iPhoneSimulator.Build.0 = Debug|Any CPU
		{3F30E06D-12AD-4438-A478-379E337159D7}.Debug|iPhoneSimulator.Deploy.0 = Debug|Any CPU
		{3F30E06D-12AD-4438-A478-379E337159D7}.Release|Any CPU.ActiveCfg = Release|Any CPU
		{3F30E06D-12AD-4438-A478-379E337159D7}.Release|Any CPU.Build.0 = Release|Any CPU
		{3F30E06D-12AD-4438-A478-379E337159D7}.Release|Any CPU.Deploy.0 = Release|Any CPU
		{3F30E06D-12AD-4438-A478-379E337159D7}.Release|iPhone.ActiveCfg = Release|Any CPU
		{3F30E06D-12AD-4438-A478-379E337159D7}.Release|iPhone.Build.0 = Release|Any CPU
		{3F30E06D-12AD-4438-A478-379E337159D7}.Release|iPhone.Deploy.0 = Release|Any CPU
		{3F30E06D-12AD-4438-A478-379E337159D7}.Release|iPhoneSimulator.ActiveCfg = Release|Any CPU
		{3F30E06D-12AD-4438-A478-379E337159D7}.Release|iPhoneSimulator.Build.0 = Release|Any CPU
		{3F30E06D-12AD-4438-A478-379E337159D7}.Release|iPhoneSimulator.Deploy.0 = Release|Any CPU
		{DE61DF2D-6AD0-4613-A6C8-66D7E8E655D8}.Ad-Hoc|Any CPU.ActiveCfg = Ad-Hoc|iPhone
		{DE61DF2D-6AD0-4613-A6C8-66D7E8E655D8}.Ad-Hoc|Any CPU.Build.0 = Ad-Hoc|iPhone
		{DE61DF2D-6AD0-4613-A6C8-66D7E8E655D8}.Ad-Hoc|Any CPU.Deploy.0 = Ad-Hoc|iPhone
		{DE61DF2D-6AD0-4613-A6C8-66D7E8E655D8}.Ad-Hoc|iPhone.ActiveCfg = Ad-Hoc|iPhone
		{DE61DF2D-6AD0-4613-A6C8-66D7E8E655D8}.Ad-Hoc|iPhone.Build.0 = Ad-Hoc|iPhone
		{DE61DF2D-6AD0-4613-A6C8-66D7E8E655D8}.Ad-Hoc|iPhone.Deploy.0 = Ad-Hoc|iPhone
		{DE61DF2D-6AD0-4613-A6C8-66D7E8E655D8}.Ad-Hoc|iPhoneSimulator.ActiveCfg = Ad-Hoc|iPhoneSimulator
		{DE61DF2D-6AD0-4613-A6C8-66D7E8E655D8}.Ad-Hoc|iPhoneSimulator.Build.0 = Ad-Hoc|iPhoneSimulator
		{DE61DF2D-6AD0-4613-A6C8-66D7E8E655D8}.Ad-Hoc|iPhoneSimulator.Deploy.0 = Ad-Hoc|iPhoneSimulator
		{DE61DF2D-6AD0-4613-A6C8-66D7E8E655D8}.AppStore|Any CPU.ActiveCfg = AppStore|iPhone
		{DE61DF2D-6AD0-4613-A6C8-66D7E8E655D8}.AppStore|Any CPU.Build.0 = AppStore|iPhone
		{DE61DF2D-6AD0-4613-A6C8-66D7E8E655D8}.AppStore|Any CPU.Deploy.0 = AppStore|iPhone
		{DE61DF2D-6AD0-4613-A6C8-66D7E8E655D8}.AppStore|iPhone.ActiveCfg = AppStore|iPhone
		{DE61DF2D-6AD0-4613-A6C8-66D7E8E655D8}.AppStore|iPhone.Build.0 = AppStore|iPhone
		{DE61DF2D-6AD0-4613-A6C8-66D7E8E655D8}.AppStore|iPhone.Deploy.0 = AppStore|iPhone
		{DE61DF2D-6AD0-4613-A6C8-66D7E8E655D8}.AppStore|iPhoneSimulator.ActiveCfg = AppStore|iPhoneSimulator
		{DE61DF2D-6AD0-4613-A6C8-66D7E8E655D8}.AppStore|iPhoneSimulator.Build.0 = AppStore|iPhoneSimulator
		{DE61DF2D-6AD0-4613-A6C8-66D7E8E655D8}.AppStore|iPhoneSimulator.Deploy.0 = AppStore|iPhoneSimulator
		{DE61DF2D-6AD0-4613-A6C8-66D7E8E655D8}.Debug|Any CPU.ActiveCfg = Debug|iPhoneSimulator
		{DE61DF2D-6AD0-4613-A6C8-66D7E8E655D8}.Debug|Any CPU.Build.0 = Debug|iPhoneSimulator
		{DE61DF2D-6AD0-4613-A6C8-66D7E8E655D8}.Debug|Any CPU.Deploy.0 = Debug|iPhoneSimulator
		{DE61DF2D-6AD0-4613-A6C8-66D7E8E655D8}.Debug|iPhone.ActiveCfg = Debug|iPhone
		{DE61DF2D-6AD0-4613-A6C8-66D7E8E655D8}.Debug|iPhone.Build.0 = Debug|iPhone
		{DE61DF2D-6AD0-4613-A6C8-66D7E8E655D8}.Debug|iPhone.Deploy.0 = Debug|iPhone
		{DE61DF2D-6AD0-4613-A6C8-66D7E8E655D8}.Debug|iPhoneSimulator.ActiveCfg = Debug|iPhoneSimulator
		{DE61DF2D-6AD0-4613-A6C8-66D7E8E655D8}.Debug|iPhoneSimulator.Build.0 = Debug|iPhoneSimulator
		{DE61DF2D-6AD0-4613-A6C8-66D7E8E655D8}.Debug|iPhoneSimulator.Deploy.0 = Debug|iPhoneSimulator
		{DE61DF2D-6AD0-4613-A6C8-66D7E8E655D8}.Release|Any CPU.ActiveCfg = Release|iPhone
		{DE61DF2D-6AD0-4613-A6C8-66D7E8E655D8}.Release|Any CPU.Build.0 = Release|iPhone
		{DE61DF2D-6AD0-4613-A6C8-66D7E8E655D8}.Release|Any CPU.Deploy.0 = Release|iPhone
		{DE61DF2D-6AD0-4613-A6C8-66D7E8E655D8}.Release|iPhone.ActiveCfg = Release|iPhone
		{DE61DF2D-6AD0-4613-A6C8-66D7E8E655D8}.Release|iPhone.Build.0 = Release|iPhone
		{DE61DF2D-6AD0-4613-A6C8-66D7E8E655D8}.Release|iPhone.Deploy.0 = Release|iPhone
		{DE61DF2D-6AD0-4613-A6C8-66D7E8E655D8}.Release|iPhoneSimulator.ActiveCfg = Release|iPhoneSimulator
		{DE61DF2D-6AD0-4613-A6C8-66D7E8E655D8}.Release|iPhoneSimulator.Build.0 = Release|iPhoneSimulator
		{DE61DF2D-6AD0-4613-A6C8-66D7E8E655D8}.Release|iPhoneSimulator.Deploy.0 = Release|iPhoneSimulator
		{EA626B1A-7C6B-44F1-9B9E-801358502D61}.Ad-Hoc|Any CPU.ActiveCfg = Debug|Any CPU
		{EA626B1A-7C6B-44F1-9B9E-801358502D61}.Ad-Hoc|Any CPU.Build.0 = Debug|Any CPU
		{EA626B1A-7C6B-44F1-9B9E-801358502D61}.Ad-Hoc|Any CPU.Deploy.0 = Debug|Any CPU
		{EA626B1A-7C6B-44F1-9B9E-801358502D61}.Ad-Hoc|iPhone.ActiveCfg = Debug|Any CPU
		{EA626B1A-7C6B-44F1-9B9E-801358502D61}.Ad-Hoc|iPhone.Build.0 = Debug|Any CPU
		{EA626B1A-7C6B-44F1-9B9E-801358502D61}.Ad-Hoc|iPhone.Deploy.0 = Debug|Any CPU
		{EA626B1A-7C6B-44F1-9B9E-801358502D61}.Ad-Hoc|iPhoneSimulator.ActiveCfg = Debug|Any CPU
		{EA626B1A-7C6B-44F1-9B9E-801358502D61}.Ad-Hoc|iPhoneSimulator.Build.0 = Debug|Any CPU
		{EA626B1A-7C6B-44F1-9B9E-801358502D61}.Ad-Hoc|iPhoneSimulator.Deploy.0 = Debug|Any CPU
		{EA626B1A-7C6B-44F1-9B9E-801358502D61}.AppStore|Any CPU.ActiveCfg = Debug|Any CPU
		{EA626B1A-7C6B-44F1-9B9E-801358502D61}.AppStore|Any CPU.Build.0 = Debug|Any CPU
		{EA626B1A-7C6B-44F1-9B9E-801358502D61}.AppStore|Any CPU.Deploy.0 = Debug|Any CPU
		{EA626B1A-7C6B-44F1-9B9E-801358502D61}.AppStore|iPhone.ActiveCfg = Debug|Any CPU
		{EA626B1A-7C6B-44F1-9B9E-801358502D61}.AppStore|iPhone.Build.0 = Debug|Any CPU
		{EA626B1A-7C6B-44F1-9B9E-801358502D61}.AppStore|iPhone.Deploy.0 = Debug|Any CPU
		{EA626B1A-7C6B-44F1-9B9E-801358502D61}.AppStore|iPhoneSimulator.ActiveCfg = Debug|Any CPU
		{EA626B1A-7C6B-44F1-9B9E-801358502D61}.AppStore|iPhoneSimulator.Build.0 = Debug|Any CPU
		{EA626B1A-7C6B-44F1-9B9E-801358502D61}.AppStore|iPhoneSimulator.Deploy.0 = Debug|Any CPU
		{EA626B1A-7C6B-44F1-9B9E-801358502D61}.Debug|Any CPU.ActiveCfg = Debug|Any CPU
		{EA626B1A-7C6B-44F1-9B9E-801358502D61}.Debug|Any CPU.Build.0 = Debug|Any CPU
		{EA626B1A-7C6B-44F1-9B9E-801358502D61}.Debug|Any CPU.Deploy.0 = Debug|Any CPU
		{EA626B1A-7C6B-44F1-9B9E-801358502D61}.Debug|iPhone.ActiveCfg = Debug|Any CPU
		{EA626B1A-7C6B-44F1-9B9E-801358502D61}.Debug|iPhone.Build.0 = Debug|Any CPU
		{EA626B1A-7C6B-44F1-9B9E-801358502D61}.Debug|iPhone.Deploy.0 = Debug|Any CPU
		{EA626B1A-7C6B-44F1-9B9E-801358502D61}.Debug|iPhoneSimulator.ActiveCfg = Debug|Any CPU
		{EA626B1A-7C6B-44F1-9B9E-801358502D61}.Debug|iPhoneSimulator.Build.0 = Debug|Any CPU
		{EA626B1A-7C6B-44F1-9B9E-801358502D61}.Debug|iPhoneSimulator.Deploy.0 = Debug|Any CPU
		{EA626B1A-7C6B-44F1-9B9E-801358502D61}.Release|Any CPU.ActiveCfg = Release|Any CPU
		{EA626B1A-7C6B-44F1-9B9E-801358502D61}.Release|Any CPU.Build.0 = Release|Any CPU
		{EA626B1A-7C6B-44F1-9B9E-801358502D61}.Release|Any CPU.Deploy.0 = Release|Any CPU
		{EA626B1A-7C6B-44F1-9B9E-801358502D61}.Release|iPhone.ActiveCfg = Release|Any CPU
		{EA626B1A-7C6B-44F1-9B9E-801358502D61}.Release|iPhone.Build.0 = Release|Any CPU
		{EA626B1A-7C6B-44F1-9B9E-801358502D61}.Release|iPhone.Deploy.0 = Release|Any CPU
		{EA626B1A-7C6B-44F1-9B9E-801358502D61}.Release|iPhoneSimulator.ActiveCfg = Release|Any CPU
		{EA626B1A-7C6B-44F1-9B9E-801358502D61}.Release|iPhoneSimulator.Build.0 = Release|Any CPU
		{EA626B1A-7C6B-44F1-9B9E-801358502D61}.Release|iPhoneSimulator.Deploy.0 = Release|Any CPU
	EndGlobalSection
	GlobalSection(SolutionProperties) = preSolution
		HideSolutionNode = FALSE
	EndGlobalSection
	GlobalSection(ExtensibilityGlobals) = postSolution
		SolutionGuid = {29E300D8-4A13-4D9B-AA95-95C37D9CA6DA}
	EndGlobalSection
EndGlobal
